
Microsoft Visual Studio Solution File, Format Version 12.00
# Visual Studio Version 17
VisualStudioVersion = 17.14.36327.8 d17.14
MinimumVisualStudioVersion = 10.0.40219.1
Project("{FAE04EC0-301F-11D3-BF4B-00C04F79EFBC}") = "XML_reisid", "XML_reisid.csproj", "{410585A4-7215-4B17-9F7C-0B6C6497478A}"
EndProject
Global
	GlobalSection(SolutionConfigurationPlatforms) = preSolution
		Debug|Any CPU = Debug|Any CPU
		Release|Any CPU = Release|Any CPU
	EndGlobalSection
	GlobalSection(ProjectConfigurationPlatforms) = postSolution
		{410585A4-7215-4B17-9F7C-0B6C6497478A}.Debug|Any CPU.ActiveCfg = Debug|Any CPU
		{410585A4-7215-4B17-9F7C-0B6C6497478A}.Debug|Any CPU.Build.0 = Debug|Any CPU
		{410585A4-7215-4B17-9F7C-0B6C6497478A}.Release|Any CPU.ActiveCfg = Release|Any CPU
		{410585A4-7215-4B17-9F7C-0B6C6497478A}.Release|Any CPU.Build.0 = Release|Any CPU
	EndGlobalSection
	GlobalSection(SolutionProperties) = preSolution
		HideSolutionNode = FALSE
	EndGlobalSection
	GlobalSection(ExtensibilityGlobals) = postSolution
		SolutionGuid = {842D4D6C-DD3C-4D3B-8307-13C2FCD64409}
	EndGlobalSection
EndGlobal
